// !$*UTF8*$!
{
	archiveVersion = 1;
	classes = {
	};
	objectVersion = 56;
	objects = {

/* Begin PBXBuildFile section */
		CC26A0042C71080800F435F9 /* RegisterController.swift in Sources */ = {isa = PBXBuildFile; fileRef = CC26A0032C71080800F435F9 /* RegisterController.swift */; };
		CC26A0062C7108D400F435F9 /* LoginController.swift in Sources */ = {isa = PBXBuildFile; fileRef = CC26A0052C7108D400F435F9 /* LoginController.swift */; };
		CC26A00A2C71306F00F435F9 /* GoogleService-Info.plist in Resources */ = {isa = PBXBuildFile; fileRef = CC26A0092C71306F00F435F9 /* GoogleService-Info.plist */; };
		CC26A00D2C713A7800F435F9 /* FirebaseAnalytics in Frameworks */ = {isa = PBXBuildFile; productRef = CC26A00C2C713A7800F435F9 /* FirebaseAnalytics */; };
		CC26A00F2C713A7800F435F9 /* FirebaseAuth in Frameworks */ = {isa = PBXBuildFile; productRef = CC26A00E2C713A7800F435F9 /* FirebaseAuth */; };
		CC26A0112C713ECC00F435F9 /* HomeController.swift in Sources */ = {isa = PBXBuildFile; fileRef = CC26A0102C713ECC00F435F9 /* HomeController.swift */; };
		CC351C082C775F4F00E7BC2E /* FirebaseStorage in Frameworks */ = {isa = PBXBuildFile; productRef = CC351C072C775F4F00E7BC2E /* FirebaseStorage */; };
		CC80673C2C7DF798001A8E47 /* CreatePostDelegate.swift in Sources */ = {isa = PBXBuildFile; fileRef = CC80673B2C7DF798001A8E47 /* CreatePostDelegate.swift */; };
		CC97900A2C74ECF800024190 /* PostTableViewCell.swift in Sources */ = {isa = PBXBuildFile; fileRef = CC9790082C74ECF800024190 /* PostTableViewCell.swift */; };
		CC97900B2C74ECF800024190 /* PostTableViewCell.xib in Resources */ = {isa = PBXBuildFile; fileRef = CC9790092C74ECF800024190 /* PostTableViewCell.xib */; };
		CC97900D2C75176000024190 /* extensions.swift in Sources */ = {isa = PBXBuildFile; fileRef = CC97900C2C75176000024190 /* extensions.swift */; };
		CC97900F2C75206F00024190 /* FirebaseManager.swift in Sources */ = {isa = PBXBuildFile; fileRef = CC97900E2C75206F00024190 /* FirebaseManager.swift */; };
		CCEE5A622C72636E0015B5C6 /* CreatePostController.swift in Sources */ = {isa = PBXBuildFile; fileRef = CCEE5A612C72636E0015B5C6 /* CreatePostController.swift */; };
		CCEE5A652C7270D60015B5C6 /* FirebaseDatabaseSwift in Frameworks */ = {isa = PBXBuildFile; productRef = CCEE5A642C7270D60015B5C6 /* FirebaseDatabaseSwift */; };
		CCEE5A6A2C727FEE0015B5C6 /* FirebaseFirestore in Frameworks */ = {isa = PBXBuildFile; productRef = CCEE5A692C727FEE0015B5C6 /* FirebaseFirestore */; };
		CCF822552C70CA5E00BD811D /* AppDelegate.swift in Sources */ = {isa = PBXBuildFile; fileRef = CCF822542C70CA5E00BD811D /* AppDelegate.swift */; };
		CCF822572C70CA5E00BD811D /* SceneDelegate.swift in Sources */ = {isa = PBXBuildFile; fileRef = CCF822562C70CA5E00BD811D /* SceneDelegate.swift */; };
		CCF822592C70CA5E00BD811D /* StartController.swift in Sources */ = {isa = PBXBuildFile; fileRef = CCF822582C70CA5E00BD811D /* StartController.swift */; };
		CCF8225C2C70CA5E00BD811D /* Main.storyboard in Resources */ = {isa = PBXBuildFile; fileRef = CCF8225A2C70CA5E00BD811D /* Main.storyboard */; };
		CCF8225E2C70CA5F00BD811D /* Assets.xcassets in Resources */ = {isa = PBXBuildFile; fileRef = CCF8225D2C70CA5F00BD811D /* Assets.xcassets */; };
		CCF822612C70CA5F00BD811D /* LaunchScreen.storyboard in Resources */ = {isa = PBXBuildFile; fileRef = CCF8225F2C70CA5F00BD811D /* LaunchScreen.storyboard */; };
/* End PBXBuildFile section */

/* Begin PBXFileReference section */
		CC26A0032C71080800F435F9 /* RegisterController.swift */ = {isa = PBXFileReference; lastKnownFileType = sourcecode.swift; path = RegisterController.swift; sourceTree = "<group>"; };
		CC26A0052C7108D400F435F9 /* LoginController.swift */ = {isa = PBXFileReference; lastKnownFileType = sourcecode.swift; path = LoginController.swift; sourceTree = "<group>"; };
		CC26A0092C71306F00F435F9 /* GoogleService-Info.plist */ = {isa = PBXFileReference; fileEncoding = 4; lastKnownFileType = text.plist.xml; path = "GoogleService-Info.plist"; sourceTree = "<group>"; };
		CC26A0102C713ECC00F435F9 /* HomeController.swift */ = {isa = PBXFileReference; lastKnownFileType = sourcecode.swift; path = HomeController.swift; sourceTree = "<group>"; };
		CC80673B2C7DF798001A8E47 /* CreatePostDelegate.swift */ = {isa = PBXFileReference; lastKnownFileType = sourcecode.swift; path = CreatePostDelegate.swift; sourceTree = "<group>"; };
		CC9790082C74ECF800024190 /* PostTableViewCell.swift */ = {isa = PBXFileReference; lastKnownFileType = sourcecode.swift; path = PostTableViewCell.swift; sourceTree = "<group>"; };
		CC9790092C74ECF800024190 /* PostTableViewCell.xib */ = {isa = PBXFileReference; lastKnownFileType = file.xib; path = PostTableViewCell.xib; sourceTree = "<group>"; };
		CC97900C2C75176000024190 /* extensions.swift */ = {isa = PBXFileReference; lastKnownFileType = sourcecode.swift; path = extensions.swift; sourceTree = "<group>"; };
		CC97900E2C75206F00024190 /* FirebaseManager.swift */ = {isa = PBXFileReference; lastKnownFileType = sourcecode.swift; path = FirebaseManager.swift; sourceTree = "<group>"; };
		CCEE5A612C72636E0015B5C6 /* CreatePostController.swift */ = {isa = PBXFileReference; lastKnownFileType = sourcecode.swift; path = CreatePostController.swift; sourceTree = "<group>"; };
		CCF822512C70CA5E00BD811D /* WhisperQuill.app */ = {isa = PBXFileReference; explicitFileType = wrapper.application; includeInIndex = 0; path = WhisperQuill.app; sourceTree = BUILT_PRODUCTS_DIR; };
		CCF822542C70CA5E00BD811D /* AppDelegate.swift */ = {isa = PBXFileReference; lastKnownFileType = sourcecode.swift; path = AppDelegate.swift; sourceTree = "<group>"; };
		CCF822562C70CA5E00BD811D /* SceneDelegate.swift */ = {isa = PBXFileReference; lastKnownFileType = sourcecode.swift; path = SceneDelegate.swift; sourceTree = "<group>"; };
		CCF822582C70CA5E00BD811D /* StartController.swift */ = {isa = PBXFileReference; lastKnownFileType = sourcecode.swift; path = StartController.swift; sourceTree = "<group>"; };
		CCF8225B2C70CA5E00BD811D /* Base */ = {isa = PBXFileReference; lastKnownFileType = file.storyboard; name = Base; path = Base.lproj/Main.storyboard; sourceTree = "<group>"; };
		CCF8225D2C70CA5F00BD811D /* Assets.xcassets */ = {isa = PBXFileReference; lastKnownFileType = folder.assetcatalog; path = Assets.xcassets; sourceTree = "<group>"; };
		CCF822602C70CA5F00BD811D /* Base */ = {isa = PBXFileReference; lastKnownFileType = file.storyboard; name = Base; path = Base.lproj/LaunchScreen.storyboard; sourceTree = "<group>"; };
		CCF822622C70CA5F00BD811D /* Info.plist */ = {isa = PBXFileReference; lastKnownFileType = text.plist.xml; path = Info.plist; sourceTree = "<group>"; };
/* End PBXFileReference section */

/* Begin PBXFrameworksBuildPhase section */
		CCF8224E2C70CA5E00BD811D /* Frameworks */ = {
			isa = PBXFrameworksBuildPhase;
			buildActionMask = 2147483647;
			files = (
				CCEE5A652C7270D60015B5C6 /* FirebaseDatabaseSwift in Frameworks */,
				CCEE5A6A2C727FEE0015B5C6 /* FirebaseFirestore in Frameworks */,
				CC26A00D2C713A7800F435F9 /* FirebaseAnalytics in Frameworks */,
				CC351C082C775F4F00E7BC2E /* FirebaseStorage in Frameworks */,
				CC26A00F2C713A7800F435F9 /* FirebaseAuth in Frameworks */,
			);
			runOnlyForDeploymentPostprocessing = 0;
		};
/* End PBXFrameworksBuildPhase section */

/* Begin PBXGroup section */
		CCEE5A602C7262D70015B5C6 /* controller */ = {
			isa = PBXGroup;
			children = (
				CCF822582C70CA5E00BD811D /* StartController.swift */,
				CC26A0032C71080800F435F9 /* RegisterController.swift */,
				CC26A0052C7108D400F435F9 /* LoginController.swift */,
				CC26A0102C713ECC00F435F9 /* HomeController.swift */,
				CCEE5A612C72636E0015B5C6 /* CreatePostController.swift */,
				CC9790082C74ECF800024190 /* PostTableViewCell.swift */,
				CC9790092C74ECF800024190 /* PostTableViewCell.xib */,
			);
			path = controller;
			sourceTree = "<group>";
		};
		CCEE5A632C7270D60015B5C6 /* Frameworks */ = {
			isa = PBXGroup;
			children = (
			);
			name = Frameworks;
			sourceTree = "<group>";
		};
		CCEE5A662C7271300015B5C6 /* model */ = {
			isa = PBXGroup;
			children = (
				CC97900E2C75206F00024190 /* FirebaseManager.swift */,
			);
			path = model;
			sourceTree = "<group>";
		};
		CCF822482C70CA5E00BD811D = {
			isa = PBXGroup;
			children = (
				CCF822532C70CA5E00BD811D /* WhisperQuill */,
				CCF822522C70CA5E00BD811D /* Products */,
				CCEE5A632C7270D60015B5C6 /* Frameworks */,
			);
			indentWidth = 4;
			sourceTree = "<group>";
			tabWidth = 4;
		};
		CCF822522C70CA5E00BD811D /* Products */ = {
			isa = PBXGroup;
			children = (
				CCF822512C70CA5E00BD811D /* WhisperQuill.app */,
			);
			name = Products;
			sourceTree = "<group>";
		};
		CCF822532C70CA5E00BD811D /* WhisperQuill */ = {
			isa = PBXGroup;
			children = (
				CCF822542C70CA5E00BD811D /* AppDelegate.swift */,
				CCF822562C70CA5E00BD811D /* SceneDelegate.swift */,
				CCEE5A602C7262D70015B5C6 /* controller */,
				CCEE5A662C7271300015B5C6 /* model */,
				CCF8225A2C70CA5E00BD811D /* Main.storyboard */,
				CCF8225D2C70CA5F00BD811D /* Assets.xcassets */,
				CCF8225F2C70CA5F00BD811D /* LaunchScreen.storyboard */,
				CCF822622C70CA5F00BD811D /* Info.plist */,
				CC26A0092C71306F00F435F9 /* GoogleService-Info.plist */,
				CC97900C2C75176000024190 /* extensions.swift */,
				CC80673B2C7DF798001A8E47 /* CreatePostDelegate.swift */,
			);
			path = WhisperQuill;
			sourceTree = "<group>";
		};
/* End PBXGroup section */

/* Begin PBXNativeTarget section */
		CCF822502C70CA5E00BD811D /* WhisperQuill */ = {
			isa = PBXNativeTarget;
			buildConfigurationList = CCF822652C70CA5F00BD811D /* Build configuration list for PBXNativeTarget "WhisperQuill" */;
			buildPhases = (
				CCF8224D2C70CA5E00BD811D /* Sources */,
				CCF8224E2C70CA5E00BD811D /* Frameworks */,
				CCF8224F2C70CA5E00BD811D /* Resources */,
			);
			buildRules = (
			);
			dependencies = (
			);
			name = WhisperQuill;
			packageProductDependencies = (
				CC26A00C2C713A7800F435F9 /* FirebaseAnalytics */,
				CC26A00E2C713A7800F435F9 /* FirebaseAuth */,
				CCEE5A642C7270D60015B5C6 /* FirebaseDatabaseSwift */,
				CCEE5A692C727FEE0015B5C6 /* FirebaseFirestore */,
				CC351C072C775F4F00E7BC2E /* FirebaseStorage */,
			);
			productName = WhisperQuill;
			productReference = CCF822512C70CA5E00BD811D /* WhisperQuill.app */;
			productType = "com.apple.product-type.application";
		};
/* End PBXNativeTarget section */

/* Begin PBXProject section */
		CCF822492C70CA5E00BD811D /* Project object */ = {
			isa = PBXProject;
			attributes = {
				BuildIndependentTargetsInParallel = 1;
				LastSwiftUpdateCheck = 1430;
				LastUpgradeCheck = 1430;
				TargetAttributes = {
					CCF822502C70CA5E00BD811D = {
						CreatedOnToolsVersion = 14.3;
					};
				};
			};
			buildConfigurationList = CCF8224C2C70CA5E00BD811D /* Build configuration list for PBXProject "WhisperQuill" */;
			compatibilityVersion = "Xcode 14.0";
			developmentRegion = en;
			hasScannedForEncodings = 0;
			knownRegions = (
				en,
				Base,
			);
			mainGroup = CCF822482C70CA5E00BD811D;
			packageReferences = (
				CC26A00B2C713A7800F435F9 /* XCRemoteSwiftPackageReference "firebase-ios-sdk" */,
			);
			productRefGroup = CCF822522C70CA5E00BD811D /* Products */;
			projectDirPath = "";
			projectRoot = "";
			targets = (
				CCF822502C70CA5E00BD811D /* WhisperQuill */,
			);
		};
/* End PBXProject section */

/* Begin PBXResourcesBuildPhase section */
		CCF8224F2C70CA5E00BD811D /* Resources */ = {
			isa = PBXResourcesBuildPhase;
			buildActionMask = 2147483647;
			files = (
				CCF822612C70CA5F00BD811D /* LaunchScreen.storyboard in Resources */,
				CC97900B2C74ECF800024190 /* PostTableViewCell.xib in Resources */,
				CC26A00A2C71306F00F435F9 /* GoogleService-Info.plist in Resources */,
				CCF8225E2C70CA5F00BD811D /* Assets.xcassets in Resources */,
				CCF8225C2C70CA5E00BD811D /* Main.storyboard in Resources */,
			);
			runOnlyForDeploymentPostprocessing = 0;
		};
/* End PBXResourcesBuildPhase section */

/* Begin PBXSourcesBuildPhase section */
		CCF8224D2C70CA5E00BD811D /* Sources */ = {
			isa = PBXSourcesBuildPhase;
			buildActionMask = 2147483647;
			files = (
				CC26A0042C71080800F435F9 /* RegisterController.swift in Sources */,
				CCF822592C70CA5E00BD811D /* StartController.swift in Sources */,
				CC26A0112C713ECC00F435F9 /* HomeController.swift in Sources */,
				CCF822552C70CA5E00BD811D /* AppDelegate.swift in Sources */,
				CC80673C2C7DF798001A8E47 /* CreatePostDelegate.swift in Sources */,
				CCF822572C70CA5E00BD811D /* SceneDelegate.swift in Sources */,
				CC97900D2C75176000024190 /* extensions.swift in Sources */,
				CC97900F2C75206F00024190 /* FirebaseManager.swift in Sources */,
				CCEE5A622C72636E0015B5C6 /* CreatePostController.swift in Sources */,
				CC26A0062C7108D400F435F9 /* LoginController.swift in Sources */,
				CC97900A2C74ECF800024190 /* PostTableViewCell.swift in Sources */,
			);
			runOnlyForDeploymentPostprocessing = 0;
		};
/* End PBXSourcesBuildPhase section */

/* Begin PBXVariantGroup section */
		CCF8225A2C70CA5E00BD811D /* Main.storyboard */ = {
			isa = PBXVariantGroup;
			children = (
				CCF8225B2C70CA5E00BD811D /* Base */,
			);
			name = Main.storyboard;
			sourceTree = "<group>";
		};
		CCF8225F2C70CA5F00BD811D /* LaunchScreen.storyboard */ = {
			isa = PBXVariantGroup;
			children = (
				CCF822602C70CA5F00BD811D /* Base */,
			);
			name = LaunchScreen.storyboard;
			sourceTree = "<group>";
		};
/* End PBXVariantGroup section */

/* Begin XCBuildConfiguration section */
		CCF822632C70CA5F00BD811D /* Debug */ = {
			isa = XCBuildConfiguration;
			buildSettings = {
				ALWAYS_SEARCH_USER_PATHS = NO;
				CLANG_ANALYZER_NONNULL = YES;
				CLANG_ANALYZER_NUMBER_OBJECT_CONVERSION = YES_AGGRESSIVE;
				CLANG_CXX_LANGUAGE_STANDARD = "gnu++20";
				CLANG_ENABLE_MODULES = YES;
				CLANG_ENABLE_OBJC_ARC = YES;
				CLANG_ENABLE_OBJC_WEAK = YES;
				CLANG_WARN_BLOCK_CAPTURE_AUTORELEASING = YES;
				CLANG_WARN_BOOL_CONVERSION = YES;
				CLANG_WARN_COMMA = YES;
				CLANG_WARN_CONSTANT_CONVERSION = YES;
				CLANG_WARN_DEPRECATED_OBJC_IMPLEMENTATIONS = YES;
				CLANG_WARN_DIRECT_OBJC_ISA_USAGE = YES_ERROR;
				CLANG_WARN_DOCUMENTATION_COMMENTS = YES;
				CLANG_WARN_EMPTY_BODY = YES;
				CLANG_WARN_ENUM_CONVERSION = YES;
				CLANG_WARN_INFINITE_RECURSION = YES;
				CLANG_WARN_INT_CONVERSION = YES;
				CLANG_WARN_NON_LITERAL_NULL_CONVERSION = YES;
				CLANG_WARN_OBJC_IMPLICIT_RETAIN_SELF = YES;
				CLANG_WARN_OBJC_LITERAL_CONVERSION = YES;
				CLANG_WARN_OBJC_ROOT_CLASS = YES_ERROR;
				CLANG_WARN_QUOTED_INCLUDE_IN_FRAMEWORK_HEADER = YES;
				CLANG_WARN_RANGE_LOOP_ANALYSIS = YES;
				CLANG_WARN_STRICT_PROTOTYPES = YES;
				CLANG_WARN_SUSPICIOUS_MOVE = YES;
				CLANG_WARN_UNGUARDED_AVAILABILITY = YES_AGGRESSIVE;
				CLANG_WARN_UNREACHABLE_CODE = YES;
				CLANG_WARN__DUPLICATE_METHOD_MATCH = YES;
				COPY_PHASE_STRIP = NO;
				DEBUG_INFORMATION_FORMAT = dwarf;
				ENABLE_STRICT_OBJC_MSGSEND = YES;
				ENABLE_TESTABILITY = YES;
				GCC_C_LANGUAGE_STANDARD = gnu11;
				GCC_DYNAMIC_NO_PIC = NO;
				GCC_NO_COMMON_BLOCKS = YES;
				GCC_OPTIMIZATION_LEVEL = 0;
				GCC_PREPROCESSOR_DEFINITIONS = (
					"DEBUG=1",
					"$(inherited)",
				);
				GCC_WARN_64_TO_32_BIT_CONVERSION = YES;
				GCC_WARN_ABOUT_RETURN_TYPE = YES_ERROR;
				GCC_WARN_UNDECLARED_SELECTOR = YES;
				GCC_WARN_UNINITIALIZED_AUTOS = YES_AGGRESSIVE;
				GCC_WARN_UNUSED_FUNCTION = YES;
				GCC_WARN_UNUSED_VARIABLE = YES;
				IPHONEOS_DEPLOYMENT_TARGET = 16.4;
				MTL_ENABLE_DEBUG_INFO = INCLUDE_SOURCE;
				MTL_FAST_MATH = YES;
				ONLY_ACTIVE_ARCH = YES;
				SDKROOT = iphoneos;
				SWIFT_ACTIVE_COMPILATION_CONDITIONS = DEBUG;
				SWIFT_OPTIMIZATION_LEVEL = "-Onone";
			};
			name = Debug;
		};
		CCF822642C70CA5F00BD811D /* Release */ = {
			isa = XCBuildConfiguration;
			buildSettings = {
				ALWAYS_SEARCH_USER_PATHS = NO;
				CLANG_ANALYZER_NONNULL = YES;
				CLANG_ANALYZER_NUMBER_OBJECT_CONVERSION = YES_AGGRESSIVE;
				CLANG_CXX_LANGUAGE_STANDARD = "gnu++20";
				CLANG_ENABLE_MODULES = YES;
				CLANG_ENABLE_OBJC_ARC = YES;
				CLANG_ENABLE_OBJC_WEAK = YES;
				CLANG_WARN_BLOCK_CAPTURE_AUTORELEASING = YES;
				CLANG_WARN_BOOL_CONVERSION = YES;
				CLANG_WARN_COMMA = YES;
				CLANG_WARN_CONSTANT_CONVERSION = YES;
				CLANG_WARN_DEPRECATED_OBJC_IMPLEMENTATIONS = YES;
				CLANG_WARN_DIRECT_OBJC_ISA_USAGE = YES_ERROR;
				CLANG_WARN_DOCUMENTATION_COMMENTS = YES;
				CLANG_WARN_EMPTY_BODY = YES;
				CLANG_WARN_ENUM_CONVERSION = YES;
				CLANG_WARN_INFINITE_RECURSION = YES;
				CLANG_WARN_INT_CONVERSION = YES;
				CLANG_WARN_NON_LITERAL_NULL_CONVERSION = YES;
				CLANG_WARN_OBJC_IMPLICIT_RETAIN_SELF = YES;
				CLANG_WARN_OBJC_LITERAL_CONVERSION = YES;
				CLANG_WARN_OBJC_ROOT_CLASS = YES_ERROR;
				CLANG_WARN_QUOTED_INCLUDE_IN_FRAMEWORK_HEADER = YES;
				CLANG_WARN_RANGE_LOOP_ANALYSIS = YES;
				CLANG_WARN_STRICT_PROTOTYPES = YES;
				CLANG_WARN_SUSPICIOUS_MOVE = YES;
				CLANG_WARN_UNGUARDED_AVAILABILITY = YES_AGGRESSIVE;
				CLANG_WARN_UNREACHABLE_CODE = YES;
				CLANG_WARN__DUPLICATE_METHOD_MATCH = YES;
				COPY_PHASE_STRIP = NO;
				DEBUG_INFORMATION_FORMAT = "dwarf-with-dsym";
				ENABLE_NS_ASSERTIONS = NO;
				ENABLE_STRICT_OBJC_MSGSEND = YES;
				GCC_C_LANGUAGE_STANDARD = gnu11;
				GCC_NO_COMMON_BLOCKS = YES;
				GCC_WARN_64_TO_32_BIT_CONVERSION = YES;
				GCC_WARN_ABOUT_RETURN_TYPE = YES_ERROR;
				GCC_WARN_UNDECLARED_SELECTOR = YES;
				GCC_WARN_UNINITIALIZED_AUTOS = YES_AGGRESSIVE;
				GCC_WARN_UNUSED_FUNCTION = YES;
				GCC_WARN_UNUSED_VARIABLE = YES;
				IPHONEOS_DEPLOYMENT_TARGET = 16.4;
				MTL_ENABLE_DEBUG_INFO = NO;
				MTL_FAST_MATH = YES;
				SDKROOT = iphoneos;
				SWIFT_COMPILATION_MODE = wholemodule;
				SWIFT_OPTIMIZATION_LEVEL = "-O";
				VALIDATE_PRODUCT = YES;
			};
			name = Release;
		};
		CCF822662C70CA5F00BD811D /* Debug */ = {
			isa = XCBuildConfiguration;
			buildSettings = {
				ASSETCATALOG_COMPILER_APPICON_NAME = AppIcon;
				ASSETCATALOG_COMPILER_GLOBAL_ACCENT_COLOR_NAME = AccentColor;
				CODE_SIGN_STYLE = Automatic;
				CURRENT_PROJECT_VERSION = 1;
				GENERATE_INFOPLIST_FILE = YES;
				INFOPLIST_FILE = WhisperQuill/Info.plist;
				INFOPLIST_KEY_UIApplicationSupportsIndirectInputEvents = YES;
				INFOPLIST_KEY_UILaunchStoryboardName = LaunchScreen;
				INFOPLIST_KEY_UIMainStoryboardFile = Main;
				INFOPLIST_KEY_UISupportedInterfaceOrientations = UIInterfaceOrientationPortrait;
				INFOPLIST_KEY_UISupportedInterfaceOrientations_iPad = "UIInterfaceOrientationPortrait UIInterfaceOrientationPortraitUpsideDown";
				LD_RUNPATH_SEARCH_PATHS = (
					"$(inherited)",
					"@executable_path/Frameworks",
				);
				MARKETING_VERSION = 1.0;
				PRODUCT_BUNDLE_IDENTIFIER = com.myapps.WhisperQuill;
				PRODUCT_NAME = "$(TARGET_NAME)";
				SWIFT_EMIT_LOC_STRINGS = YES;
				SWIFT_VERSION = 5.0;
				TARGETED_DEVICE_FAMILY = "1,2";
			};
			name = Debug;
		};
		CCF822672C70CA5F00BD811D /* Release */ = {
			isa = XCBuildConfiguration;
			buildSettings = {
				ASSETCATALOG_COMPILER_APPICON_NAME = AppIcon;
				ASSETCATALOG_COMPILER_GLOBAL_ACCENT_COLOR_NAME = AccentColor;
				CODE_SIGN_STYLE = Automatic;
				CURRENT_PROJECT_VERSION = 1;
				GENERATE_INFOPLIST_FILE = YES;
				INFOPLIST_FILE = WhisperQuill/Info.plist;
				INFOPLIST_KEY_UIApplicationSupportsIndirectInputEvents = YES;
				INFOPLIST_KEY_UILaunchStoryboardName = LaunchScreen;
				INFOPLIST_KEY_UIMainStoryboardFile = Main;
				INFOPLIST_KEY_UISupportedInterfaceOrientations = UIInterfaceOrientationPortrait;
				INFOPLIST_KEY_UISupportedInterfaceOrientations_iPad = "UIInterfaceOrientationPortrait UIInterfaceOrientationPortraitUpsideDown";
				LD_RUNPATH_SEARCH_PATHS = (
					"$(inherited)",
					"@executable_path/Frameworks",
				);
				MARKETING_VERSION = 1.0;
				PRODUCT_BUNDLE_IDENTIFIER = com.myapps.WhisperQuill;
				PRODUCT_NAME = "$(TARGET_NAME)";
				SWIFT_EMIT_LOC_STRINGS = YES;
				SWIFT_VERSION = 5.0;
				TARGETED_DEVICE_FAMILY = "1,2";
			};
			name = Release;
		};
/* End XCBuildConfiguration section */

/* Begin XCConfigurationList section */
		CCF8224C2C70CA5E00BD811D /* Build configuration list for PBXProject "WhisperQuill" */ = {
			isa = XCConfigurationList;
			buildConfigurations = (
				CCF822632C70CA5F00BD811D /* Debug */,
				CCF822642C70CA5F00BD811D /* Release */,
			);
			defaultConfigurationIsVisible = 0;
			defaultConfigurationName = Release;
		};
		CCF822652C70CA5F00BD811D /* Build configuration list for PBXNativeTarget "WhisperQuill" */ = {
			isa = XCConfigurationList;
			buildConfigurations = (
				CCF822662C70CA5F00BD811D /* Debug */,
				CCF822672C70CA5F00BD811D /* Release */,
			);
			defaultConfigurationIsVisible = 0;
			defaultConfigurationName = Release;
		};
/* End XCConfigurationList section */

/* Begin XCRemoteSwiftPackageReference section */
		CC26A00B2C713A7800F435F9 /* XCRemoteSwiftPackageReference "firebase-ios-sdk" */ = {
			isa = XCRemoteSwiftPackageReference;
			repositoryURL = "https://github.com/firebase/firebase-ios-sdk";
			requirement = {
				kind = upToNextMajorVersion;
				minimumVersion = 10.0.11;
			};
		};
/* End XCRemoteSwiftPackageReference section */

/* Begin XCSwiftPackageProductDependency section */
		CC26A00C2C713A7800F435F9 /* FirebaseAnalytics */ = {
			isa = XCSwiftPackageProductDependency;
			package = CC26A00B2C713A7800F435F9 /* XCRemoteSwiftPackageReference "firebase-ios-sdk" */;
			productName = FirebaseAnalytics;
		};
		CC26A00E2C713A7800F435F9 /* FirebaseAuth */ = {
			isa = XCSwiftPackageProductDependency;
			package = CC26A00B2C713A7800F435F9 /* XCRemoteSwiftPackageReference "firebase-ios-sdk" */;
			productName = FirebaseAuth;
		};
		CC351C072C775F4F00E7BC2E /* FirebaseStorage */ = {
			isa = XCSwiftPackageProductDependency;
			package = CC26A00B2C713A7800F435F9 /* XCRemoteSwiftPackageReference "firebase-ios-sdk" */;
			productName = FirebaseStorage;
		};
		CCEE5A642C7270D60015B5C6 /* FirebaseDatabaseSwift */ = {
			isa = XCSwiftPackageProductDependency;
			package = CC26A00B2C713A7800F435F9 /* XCRemoteSwiftPackageReference "firebase-ios-sdk" */;
			productName = FirebaseDatabaseSwift;
		};
		CCEE5A692C727FEE0015B5C6 /* FirebaseFirestore */ = {
			isa = XCSwiftPackageProductDependency;
			package = CC26A00B2C713A7800F435F9 /* XCRemoteSwiftPackageReference "firebase-ios-sdk" */;
			productName = FirebaseFirestore;
		};
/* End XCSwiftPackageProductDependency section */
	};
	rootObject = CCF822492C70CA5E00BD811D /* Project object */;
}
